
Microsoft Visual Studio Solution File, Format Version 12.00
# Visual Studio Version 16
VisualStudioVersion = 16.0.30309.148
MinimumVisualStudioVersion = 10.0.40219.1
Project("{FAE04EC0-301F-11D3-BF4B-00C04F79EFBC}") = "OgrencidenWebApi", "OgrencidenWebApi.csproj", "{7023C91E-3732-49C2-BB5E-E7A03C3A65F2}"
EndProject
Global
	GlobalSection(SolutionConfigurationPlatforms) = preSolution
		Debug|Any CPU = Debug|Any CPU
		Release|Any CPU = Release|Any CPU
	EndGlobalSection
	GlobalSection(ProjectConfigurationPlatforms) = postSolution
		{7023C91E-3732-49C2-BB5E-E7A03C3A65F2}.Debug|Any CPU.ActiveCfg = Debug|Any CPU
		{7023C91E-3732-49C2-BB5E-E7A03C3A65F2}.Debug|Any CPU.Build.0 = Debug|Any CPU
		{7023C91E-3732-49C2-BB5E-E7A03C3A65F2}.Release|Any CPU.ActiveCfg = Release|Any CPU
		{7023C91E-3732-49C2-BB5E-E7A03C3A65F2}.Release|Any CPU.Build.0 = Release|Any CPU
	EndGlobalSection
	GlobalSection(SolutionProperties) = preSolution
		HideSolutionNode = FALSE
	EndGlobalSection
	GlobalSection(ExtensibilityGlobals) = postSolution
		SolutionGuid = {B54771E4-5CC6-4AA3-899B-7F3D10B87285}
	EndGlobalSection
EndGlobal
